
Microsoft Visual Studio Solution File, Format Version 12.00
# Visual Studio 15
VisualStudioVersion = 15.0.27004.2006
MinimumVisualStudioVersion = 10.0.40219.1
Project("{FAE04EC0-301F-11D3-BF4B-00C04F79EFBC}") = "HtmlLabel", "HtmlLabel\HtmlLabel.csproj", "{0C44209A-41B6-4BD7-8690-110CC2FAF286}"
EndProject
Project("{FAE04EC0-301F-11D3-BF4B-00C04F79EFBC}") = "HtmlLabelTest.Android", "HtmlLabelTest\HtmlLabelTest.Android\HtmlLabelTest.Android.csproj", "{066C7CAB-9EA9-4990-BABD-E8C05CB6B180}"
EndProject
Project("{FAE04EC0-301F-11D3-BF4B-00C04F79EFBC}") = "HtmlLabelTest", "HtmlLabelTest\HtmlLabelTest\HtmlLabelTest.csproj", "{8BB32801-8DD4-436E-8FFB-F0C76FC89A9E}"
EndProject
Project("{FAE04EC0-301F-11D3-BF4B-00C04F79EFBC}") = "HtmlLabelTest.UWP", "HtmlLabelTest\HtmlLabelTest.UWP\HtmlLabelTest.UWP.csproj", "{3F6E8F1D-9F19-4818-B290-878F2CBB17D2}"
EndProject
Project("{FAE04EC0-301F-11D3-BF4B-00C04F79EFBC}") = "HtmlLabelTest.iOS", "HtmlLabelTest\HtmlLabelTest.iOS\HtmlLabelTest.iOS.csproj", "{EC85C186-4817-4AA4-9654-B524F6D24679}"
EndProject
Project("{2150E333-8FDC-42A3-9474-1A3956D46DE8}") = "TestApp", "TestApp", "{065A83DD-BB01-4620-8F62-916218DE14EF}"
EndProject
Project("{2150E333-8FDC-42A3-9474-1A3956D46DE8}") = "Solution Items", "Solution Items", "{26BADC87-B939-4C40-9D90-7D4A7B3BB69A}"
	ProjectSection(SolutionItems) = preProject
		LICENSE = LICENSE
		MWX.XamForms.HtmlLabel.nuspec = MWX.XamForms.HtmlLabel.nuspec
		README.md = README.md
	EndProjectSection
EndProject
Project("{FAE04EC0-301F-11D3-BF4B-00C04F79EFBC}") = "HtmlLabel.Std", "HtmlLabel.Std\HtmlLabel.Std.csproj", "{A7301762-0648-4BD1-894A-DEF0C4E99A25}"
EndProject
Global
	GlobalSection(SolutionConfigurationPlatforms) = preSolution
		Ad-Hoc|Any CPU = Ad-Hoc|Any CPU
		Ad-Hoc|ARM = Ad-Hoc|ARM
		Ad-Hoc|iPhone = Ad-Hoc|iPhone
		Ad-Hoc|iPhoneSimulator = Ad-Hoc|iPhoneSimulator
		Ad-Hoc|x64 = Ad-Hoc|x64
		Ad-Hoc|x86 = Ad-Hoc|x86
		AppStore|Any CPU = AppStore|Any CPU
		AppStore|ARM = AppStore|ARM
		AppStore|iPhone = AppStore|iPhone
		AppStore|iPhoneSimulator = AppStore|iPhoneSimulator
		AppStore|x64 = AppStore|x64
		AppStore|x86 = AppStore|x86
		Debug|Any CPU = Debug|Any CPU
		Debug|ARM = Debug|ARM
		Debug|iPhone = Debug|iPhone
		Debug|iPhoneSimulator = Debug|iPhoneSimulator
		Debug|x64 = Debug|x64
		Debug|x86 = Debug|x86
		Release|Any CPU = Release|Any CPU
		Release|ARM = Release|ARM
		Release|iPhone = Release|iPhone
		Release|iPhoneSimulator = Release|iPhoneSimulator
		Release|x64 = Release|x64
		Release|x86 = Release|x86
	EndGlobalSection
	GlobalSection(ProjectConfigurationPlatforms) = postSolution
		{0C44209A-41B6-4BD7-8690-110CC2FAF286}.Ad-Hoc|Any CPU.ActiveCfg = Release|Any CPU
		{0C44209A-41B6-4BD7-8690-110CC2FAF286}.Ad-Hoc|Any CPU.Build.0 = Release|Any CPU
		{0C44209A-41B6-4BD7-8690-110CC2FAF286}.Ad-Hoc|ARM.ActiveCfg = Release|Any CPU
		{0C44209A-41B6-4BD7-8690-110CC2FAF286}.Ad-Hoc|ARM.Build.0 = Release|Any CPU
		{0C44209A-41B6-4BD7-8690-110CC2FAF286}.Ad-Hoc|iPhone.ActiveCfg = Release|Any CPU
		{0C44209A-41B6-4BD7-8690-110CC2FAF286}.Ad-Hoc|iPhone.Build.0 = Release|Any CPU
		{0C44209A-41B6-4BD7-8690-110CC2FAF286}.Ad-Hoc|iPhoneSimulator.ActiveCfg = Release|Any CPU
		{0C44209A-41B6-4BD7-8690-110CC2FAF286}.Ad-Hoc|iPhoneSimulator.Build.0 = Release|Any CPU
		{0C44209A-41B6-4BD7-8690-110CC2FAF286}.Ad-Hoc|x64.ActiveCfg = Release|Any CPU
		{0C44209A-41B6-4BD7-8690-110CC2FAF286}.Ad-Hoc|x64.Build.0 = Release|Any CPU
		{0C44209A-41B6-4BD7-8690-110CC2FAF286}.Ad-Hoc|x86.ActiveCfg = Release|Any CPU
		{0C44209A-41B6-4BD7-8690-110CC2FAF286}.Ad-Hoc|x86.Build.0 = Release|Any CPU
		{0C44209A-41B6-4BD7-8690-110CC2FAF286}.AppStore|Any CPU.ActiveCfg = Release|Any CPU
		{0C44209A-41B6-4BD7-8690-110CC2FAF286}.AppStore|Any CPU.Build.0 = Release|Any CPU
		{0C44209A-41B6-4BD7-8690-110CC2FAF286}.AppStore|ARM.ActiveCfg = Release|Any CPU
		{0C44209A-41B6-4BD7-8690-110CC2FAF286}.AppStore|ARM.Build.0 = Release|Any CPU
		{0C44209A-41B6-4BD7-8690-110CC2FAF286}.AppStore|iPhone.ActiveCfg = Release|Any CPU
		{0C44209A-41B6-4BD7-8690-110CC2FAF286}.AppStore|iPhone.Build.0 = Release|Any CPU
		{0C44209A-41B6-4BD7-8690-110CC2FAF286}.AppStore|iPhoneSimulator.ActiveCfg = Release|Any CPU
		{0C44209A-41B6-4BD7-8690-110CC2FAF286}.AppStore|iPhoneSimulator.Build.0 = Release|Any CPU
		{0C44209A-41B6-4BD7-8690-110CC2FAF286}.AppStore|x64.ActiveCfg = Release|Any CPU
		{0C44209A-41B6-4BD7-8690-110CC2FAF286}.AppStore|x64.Build.0 = Release|Any CPU
		{0C44209A-41B6-4BD7-8690-110CC2FAF286}.AppStore|x86.ActiveCfg = Release|Any CPU
		{0C44209A-41B6-4BD7-8690-110CC2FAF286}.AppStore|x86.Build.0 = Release|Any CPU
		{0C44209A-41B6-4BD7-8690-110CC2FAF286}.Debug|Any CPU.ActiveCfg = Debug|Any CPU
		{0C44209A-41B6-4BD7-8690-110CC2FAF286}.Debug|Any CPU.Build.0 = Debug|Any CPU
		{0C44209A-41B6-4BD7-8690-110CC2FAF286}.Debug|ARM.ActiveCfg = Debug|Any CPU
		{0C44209A-41B6-4BD7-8690-110CC2FAF286}.Debug|ARM.Build.0 = Debug|Any CPU
		{0C44209A-41B6-4BD7-8690-110CC2FAF286}.Debug|iPhone.ActiveCfg = Debug|Any CPU
		{0C44209A-41B6-4BD7-8690-110CC2FAF286}.Debug|iPhone.Build.0 = Debug|Any CPU
		{0C44209A-41B6-4BD7-8690-110CC2FAF286}.Debug|iPhoneSimulator.ActiveCfg = Debug|Any CPU
		{0C44209A-41B6-4BD7-8690-110CC2FAF286}.Debug|iPhoneSimulator.Build.0 = Debug|Any CPU
		{0C44209A-41B6-4BD7-8690-110CC2FAF286}.Debug|x64.ActiveCfg = Debug|Any CPU
		{0C44209A-41B6-4BD7-8690-110CC2FAF286}.Debug|x64.Build.0 = Debug|Any CPU
		{0C44209A-41B6-4BD7-8690-110CC2FAF286}.Debug|x86.ActiveCfg = Debug|Any CPU
		{0C44209A-41B6-4BD7-8690-110CC2FAF286}.Debug|x86.Build.0 = Debug|Any CPU
		{0C44209A-41B6-4BD7-8690-110CC2FAF286}.Release|Any CPU.ActiveCfg = Release|Any CPU
		{0C44209A-41B6-4BD7-8690-110CC2FAF286}.Release|Any CPU.Build.0 = Release|Any CPU
		{0C44209A-41B6-4BD7-8690-110CC2FAF286}.Release|ARM.ActiveCfg = Release|Any CPU
		{0C44209A-41B6-4BD7-8690-110CC2FAF286}.Release|ARM.Build.0 = Release|Any CPU
		{0C44209A-41B6-4BD7-8690-110CC2FAF286}.Release|iPhone.ActiveCfg = Release|Any CPU
		{0C44209A-41B6-4BD7-8690-110CC2FAF286}.Release|iPhone.Build.0 = Release|Any CPU
		{0C44209A-41B6-4BD7-8690-110CC2FAF286}.Release|iPhoneSimulator.ActiveCfg = Release|Any CPU
		{0C44209A-41B6-4BD7-8690-110CC2FAF286}.Release|iPhoneSimulator.Build.0 = Release|Any CPU
		{0C44209A-41B6-4BD7-8690-110CC2FAF286}.Release|x64.ActiveCfg = Release|Any CPU
		{0C44209A-41B6-4BD7-8690-110CC2FAF286}.Release|x64.Build.0 = Release|Any CPU
		{0C44209A-41B6-4BD7-8690-110CC2FAF286}.Release|x86.ActiveCfg = Release|Any CPU
		{0C44209A-41B6-4BD7-8690-110CC2FAF286}.Release|x86.Build.0 = Release|Any CPU
		{066C7CAB-9EA9-4990-BABD-E8C05CB6B180}.Ad-Hoc|Any CPU.ActiveCfg = Release|Any CPU
		{066C7CAB-9EA9-4990-BABD-E8C05CB6B180}.Ad-Hoc|Any CPU.Build.0 = Release|Any CPU
		{066C7CAB-9EA9-4990-BABD-E8C05CB6B180}.Ad-Hoc|Any CPU.Deploy.0 = Release|Any CPU
		{066C7CAB-9EA9-4990-BABD-E8C05CB6B180}.Ad-Hoc|ARM.ActiveCfg = Release|Any CPU
		{066C7CAB-9EA9-4990-BABD-E8C05CB6B180}.Ad-Hoc|ARM.Build.0 = Release|Any CPU
		{066C7CAB-9EA9-4990-BABD-E8C05CB6B180}.Ad-Hoc|ARM.Deploy.0 = Release|Any CPU
		{066C7CAB-9EA9-4990-BABD-E8C05CB6B180}.Ad-Hoc|iPhone.ActiveCfg = Release|Any CPU
		{066C7CAB-9EA9-4990-BABD-E8C05CB6B180}.Ad-Hoc|iPhone.Build.0 = Release|Any CPU
		{066C7CAB-9EA9-4990-BABD-E8C05CB6B180}.Ad-Hoc|iPhone.Deploy.0 = Release|Any CPU
		{066C7CAB-9EA9-4990-BABD-E8C05CB6B180}.Ad-Hoc|iPhoneSimulator.ActiveCfg = Release|Any CPU
		{066C7CAB-9EA9-4990-BABD-E8C05CB6B180}.Ad-Hoc|iPhoneSimulator.Build.0 = Release|Any CPU
		{066C7CAB-9EA9-4990-BABD-E8C05CB6B180}.Ad-Hoc|iPhoneSimulator.Deploy.0 = Release|Any CPU
		{066C7CAB-9EA9-4990-BABD-E8C05CB6B180}.Ad-Hoc|x64.ActiveCfg = Release|Any CPU
		{066C7CAB-9EA9-4990-BABD-E8C05CB6B180}.Ad-Hoc|x64.Build.0 = Release|Any CPU
		{066C7CAB-9EA9-4990-BABD-E8C05CB6B180}.Ad-Hoc|x64.Deploy.0 = Release|Any CPU
		{066C7CAB-9EA9-4990-BABD-E8C05CB6B180}.Ad-Hoc|x86.ActiveCfg = Release|Any CPU
		{066C7CAB-9EA9-4990-BABD-E8C05CB6B180}.Ad-Hoc|x86.Build.0 = Release|Any CPU
		{066C7CAB-9EA9-4990-BABD-E8C05CB6B180}.Ad-Hoc|x86.Deploy.0 = Release|Any CPU
		{066C7CAB-9EA9-4990-BABD-E8C05CB6B180}.AppStore|Any CPU.ActiveCfg = Release|Any CPU
		{066C7CAB-9EA9-4990-BABD-E8C05CB6B180}.AppStore|Any CPU.Build.0 = Release|Any CPU
		{066C7CAB-9EA9-4990-BABD-E8C05CB6B180}.AppStore|Any CPU.Deploy.0 = Release|Any CPU
		{066C7CAB-9EA9-4990-BABD-E8C05CB6B180}.AppStore|ARM.ActiveCfg = Release|Any CPU
		{066C7CAB-9EA9-4990-BABD-E8C05CB6B180}.AppStore|ARM.Build.0 = Release|Any CPU
		{066C7CAB-9EA9-4990-BABD-E8C05CB6B180}.AppStore|ARM.Deploy.0 = Release|Any CPU
		{066C7CAB-9EA9-4990-BABD-E8C05CB6B180}.AppStore|iPhone.ActiveCfg = Release|Any CPU
		{066C7CAB-9EA9-4990-BABD-E8C05CB6B180}.AppStore|iPhone.Build.0 = Release|Any CPU
		{066C7CAB-9EA9-4990-BABD-E8C05CB6B180}.AppStore|iPhone.Deploy.0 = Release|Any CPU
		{066C7CAB-9EA9-4990-BABD-E8C05CB6B180}.AppStore|iPhoneSimulator.ActiveCfg = Release|Any CPU
		{066C7CAB-9EA9-4990-BABD-E8C05CB6B180}.AppStore|iPhoneSimulator.Build.0 = Release|Any CPU
		{066C7CAB-9EA9-4990-BABD-E8C05CB6B180}.AppStore|iPhoneSimulator.Deploy.0 = Release|Any CPU
		{066C7CAB-9EA9-4990-BABD-E8C05CB6B180}.AppStore|x64.ActiveCfg = Release|Any CPU
		{066C7CAB-9EA9-4990-BABD-E8C05CB6B180}.AppStore|x64.Build.0 = Release|Any CPU
		{066C7CAB-9EA9-4990-BABD-E8C05CB6B180}.AppStore|x64.Deploy.0 = Release|Any CPU
		{066C7CAB-9EA9-4990-BABD-E8C05CB6B180}.AppStore|x86.ActiveCfg = Release|Any CPU
		{066C7CAB-9EA9-4990-BABD-E8C05CB6B180}.AppStore|x86.Build.0 = Release|Any CPU
		{066C7CAB-9EA9-4990-BABD-E8C05CB6B180}.AppStore|x86.Deploy.0 = Release|Any CPU
		{066C7CAB-9EA9-4990-BABD-E8C05CB6B180}.Debug|Any CPU.ActiveCfg = Debug|Any CPU
		{066C7CAB-9EA9-4990-BABD-E8C05CB6B180}.Debug|Any CPU.Build.0 = Debug|Any CPU
		{066C7CAB-9EA9-4990-BABD-E8C05CB6B180}.Debug|Any CPU.Deploy.0 = Debug|Any CPU
		{066C7CAB-9EA9-4990-BABD-E8C05CB6B180}.Debug|ARM.ActiveCfg = Debug|Any CPU
		{066C7CAB-9EA9-4990-BABD-E8C05CB6B180}.Debug|ARM.Build.0 = Debug|Any CPU
		{066C7CAB-9EA9-4990-BABD-E8C05CB6B180}.Debug|ARM.Deploy.0 = Debug|Any CPU
		{066C7CAB-9EA9-4990-BABD-E8C05CB6B180}.Debug|iPhone.ActiveCfg = Debug|Any CPU
		{066C7CAB-9EA9-4990-BABD-E8C05CB6B180}.Debug|iPhone.Build.0 = Debug|Any CPU
		{066C7CAB-9EA9-4990-BABD-E8C05CB6B180}.Debug|iPhone.Deploy.0 = Debug|Any CPU
		{066C7CAB-9EA9-4990-BABD-E8C05CB6B180}.Debug|iPhoneSimulator.ActiveCfg = Debug|Any CPU
		{066C7CAB-9EA9-4990-BABD-E8C05CB6B180}.Debug|iPhoneSimulator.Build.0 = Debug|Any CPU
		{066C7CAB-9EA9-4990-BABD-E8C05CB6B180}.Debug|iPhoneSimulator.Deploy.0 = Debug|Any CPU
		{066C7CAB-9EA9-4990-BABD-E8C05CB6B180}.Debug|x64.ActiveCfg = Debug|Any CPU
		{066C7CAB-9EA9-4990-BABD-E8C05CB6B180}.Debug|x64.Build.0 = Debug|Any CPU
		{066C7CAB-9EA9-4990-BABD-E8C05CB6B180}.Debug|x64.Deploy.0 = Debug|Any CPU
		{066C7CAB-9EA9-4990-BABD-E8C05CB6B180}.Debug|x86.ActiveCfg = Debug|Any CPU
		{066C7CAB-9EA9-4990-BABD-E8C05CB6B180}.Debug|x86.Build.0 = Debug|Any CPU
		{066C7CAB-9EA9-4990-BABD-E8C05CB6B180}.Debug|x86.Deploy.0 = Debug|Any CPU
		{066C7CAB-9EA9-4990-BABD-E8C05CB6B180}.Release|Any CPU.ActiveCfg = Release|Any CPU
		{066C7CAB-9EA9-4990-BABD-E8C05CB6B180}.Release|Any CPU.Build.0 = Release|Any CPU
		{066C7CAB-9EA9-4990-BABD-E8C05CB6B180}.Release|Any CPU.Deploy.0 = Release|Any CPU
		{066C7CAB-9EA9-4990-BABD-E8C05CB6B180}.Release|ARM.ActiveCfg = Release|Any CPU
		{066C7CAB-9EA9-4990-BABD-E8C05CB6B180}.Release|ARM.Build.0 = Release|Any CPU
		{066C7CAB-9EA9-4990-BABD-E8C05CB6B180}.Release|ARM.Deploy.0 = Release|Any CPU
		{066C7CAB-9EA9-4990-BABD-E8C05CB6B180}.Release|iPhone.ActiveCfg = Release|Any CPU
		{066C7CAB-9EA9-4990-BABD-E8C05CB6B180}.Release|iPhone.Build.0 = Release|Any CPU
		{066C7CAB-9EA9-4990-BABD-E8C05CB6B180}.Release|iPhone.Deploy.0 = Release|Any CPU
		{066C7CAB-9EA9-4990-BABD-E8C05CB6B180}.Release|iPhoneSimulator.ActiveCfg = Release|Any CPU
		{066C7CAB-9EA9-4990-BABD-E8C05CB6B180}.Release|iPhoneSimulator.Build.0 = Release|Any CPU
		{066C7CAB-9EA9-4990-BABD-E8C05CB6B180}.Release|iPhoneSimulator.Deploy.0 = Release|Any CPU
		{066C7CAB-9EA9-4990-BABD-E8C05CB6B180}.Release|x64.ActiveCfg = Release|Any CPU
		{066C7CAB-9EA9-4990-BABD-E8C05CB6B180}.Release|x64.Build.0 = Release|Any CPU
		{066C7CAB-9EA9-4990-BABD-E8C05CB6B180}.Release|x64.Deploy.0 = Release|Any CPU
		{066C7CAB-9EA9-4990-BABD-E8C05CB6B180}.Release|x86.ActiveCfg = Release|Any CPU
		{066C7CAB-9EA9-4990-BABD-E8C05CB6B180}.Release|x86.Build.0 = Release|Any CPU
		{066C7CAB-9EA9-4990-BABD-E8C05CB6B180}.Release|x86.Deploy.0 = Release|Any CPU
		{8BB32801-8DD4-436E-8FFB-F0C76FC89A9E}.Ad-Hoc|Any CPU.ActiveCfg = Release|Any CPU
		{8BB32801-8DD4-436E-8FFB-F0C76FC89A9E}.Ad-Hoc|Any CPU.Build.0 = Release|Any CPU
		{8BB32801-8DD4-436E-8FFB-F0C76FC89A9E}.Ad-Hoc|ARM.ActiveCfg = Release|Any CPU
		{8BB32801-8DD4-436E-8FFB-F0C76FC89A9E}.Ad-Hoc|ARM.Build.0 = Release|Any CPU
		{8BB32801-8DD4-436E-8FFB-F0C76FC89A9E}.Ad-Hoc|iPhone.ActiveCfg = Release|Any CPU
		{8BB32801-8DD4-436E-8FFB-F0C76FC89A9E}.Ad-Hoc|iPhone.Build.0 = Release|Any CPU
		{8BB32801-8DD4-436E-8FFB-F0C76FC89A9E}.Ad-Hoc|iPhoneSimulator.ActiveCfg = Release|Any CPU
		{8BB32801-8DD4-436E-8FFB-F0C76FC89A9E}.Ad-Hoc|iPhoneSimulator.Build.0 = Release|Any CPU
		{8BB32801-8DD4-436E-8FFB-F0C76FC89A9E}.Ad-Hoc|x64.ActiveCfg = Release|Any CPU
		{8BB32801-8DD4-436E-8FFB-F0C76FC89A9E}.Ad-Hoc|x64.Build.0 = Release|Any CPU
		{8BB32801-8DD4-436E-8FFB-F0C76FC89A9E}.Ad-Hoc|x86.ActiveCfg = Release|Any CPU
		{8BB32801-8DD4-436E-8FFB-F0C76FC89A9E}.Ad-Hoc|x86.Build.0 = Release|Any CPU
		{8BB32801-8DD4-436E-8FFB-F0C76FC89A9E}.AppStore|Any CPU.ActiveCfg = Release|Any CPU
		{8BB32801-8DD4-436E-8FFB-F0C76FC89A9E}.AppStore|Any CPU.Build.0 = Release|Any CPU
		{8BB32801-8DD4-436E-8FFB-F0C76FC89A9E}.AppStore|ARM.ActiveCfg = Release|Any CPU
		{8BB32801-8DD4-436E-8FFB-F0C76FC89A9E}.AppStore|ARM.Build.0 = Release|Any CPU
		{8BB32801-8DD4-436E-8FFB-F0C76FC89A9E}.AppStore|iPhone.ActiveCfg = Release|Any CPU
		{8BB32801-8DD4-436E-8FFB-F0C76FC89A9E}.AppStore|iPhone.Build.0 = Release|Any CPU
		{8BB32801-8DD4-436E-8FFB-F0C76FC89A9E}.AppStore|iPhoneSimulator.ActiveCfg = Release|Any CPU
		{8BB32801-8DD4-436E-8FFB-F0C76FC89A9E}.AppStore|iPhoneSimulator.Build.0 = Release|Any CPU
		{8BB32801-8DD4-436E-8FFB-F0C76FC89A9E}.AppStore|x64.ActiveCfg = Release|Any CPU
		{8BB32801-8DD4-436E-8FFB-F0C76FC89A9E}.AppStore|x64.Build.0 = Release|Any CPU
		{8BB32801-8DD4-436E-8FFB-F0C76FC89A9E}.AppStore|x86.ActiveCfg = Release|Any CPU
		{8BB32801-8DD4-436E-8FFB-F0C76FC89A9E}.AppStore|x86.Build.0 = Release|Any CPU
		{8BB32801-8DD4-436E-8FFB-F0C76FC89A9E}.Debug|Any CPU.ActiveCfg = Debug|Any CPU
		{8BB32801-8DD4-436E-8FFB-F0C76FC89A9E}.Debug|Any CPU.Build.0 = Debug|Any CPU
		{8BB32801-8DD4-436E-8FFB-F0C76FC89A9E}.Debug|ARM.ActiveCfg = Debug|Any CPU
		{8BB32801-8DD4-436E-8FFB-F0C76FC89A9E}.Debug|ARM.Build.0 = Debug|Any CPU
		{8BB32801-8DD4-436E-8FFB-F0C76FC89A9E}.Debug|iPhone.ActiveCfg = Debug|Any CPU
		{8BB32801-8DD4-436E-8FFB-F0C76FC89A9E}.Debug|iPhone.Build.0 = Debug|Any CPU
		{8BB32801-8DD4-436E-8FFB-F0C76FC89A9E}.Debug|iPhoneSimulator.ActiveCfg = Debug|Any CPU
		{8BB32801-8DD4-436E-8FFB-F0C76FC89A9E}.Debug|iPhoneSimulator.Build.0 = Debug|Any CPU
		{8BB32801-8DD4-436E-8FFB-F0C76FC89A9E}.Debug|x64.ActiveCfg = Debug|Any CPU
		{8BB32801-8DD4-436E-8FFB-F0C76FC89A9E}.Debug|x64.Build.0 = Debug|Any CPU
		{8BB32801-8DD4-436E-8FFB-F0C76FC89A9E}.Debug|x86.ActiveCfg = Debug|Any CPU
		{8BB32801-8DD4-436E-8FFB-F0C76FC89A9E}.Debug|x86.Build.0 = Debug|Any CPU
		{8BB32801-8DD4-436E-8FFB-F0C76FC89A9E}.Release|Any CPU.ActiveCfg = Release|Any CPU
		{8BB32801-8DD4-436E-8FFB-F0C76FC89A9E}.Release|Any CPU.Build.0 = Release|Any CPU
		{8BB32801-8DD4-436E-8FFB-F0C76FC89A9E}.Release|ARM.ActiveCfg = Release|Any CPU
		{8BB32801-8DD4-436E-8FFB-F0C76FC89A9E}.Release|ARM.Build.0 = Release|Any CPU
		{8BB32801-8DD4-436E-8FFB-F0C76FC89A9E}.Release|iPhone.ActiveCfg = Release|Any CPU
		{8BB32801-8DD4-436E-8FFB-F0C76FC89A9E}.Release|iPhone.Build.0 = Release|Any CPU
		{8BB32801-8DD4-436E-8FFB-F0C76FC89A9E}.Release|iPhoneSimulator.ActiveCfg = Release|Any CPU
		{8BB32801-8DD4-436E-8FFB-F0C76FC89A9E}.Release|iPhoneSimulator.Build.0 = Release|Any CPU
		{8BB32801-8DD4-436E-8FFB-F0C76FC89A9E}.Release|x64.ActiveCfg = Release|Any CPU
		{8BB32801-8DD4-436E-8FFB-F0C76FC89A9E}.Release|x64.Build.0 = Release|Any CPU
		{8BB32801-8DD4-436E-8FFB-F0C76FC89A9E}.Release|x86.ActiveCfg = Release|Any CPU
		{8BB32801-8DD4-436E-8FFB-F0C76FC89A9E}.Release|x86.Build.0 = Release|Any CPU
		{3F6E8F1D-9F19-4818-B290-878F2CBB17D2}.Ad-Hoc|Any CPU.ActiveCfg = Release|x86
		{3F6E8F1D-9F19-4818-B290-878F2CBB17D2}.Ad-Hoc|Any CPU.Build.0 = Release|x86
		{3F6E8F1D-9F19-4818-B290-878F2CBB17D2}.Ad-Hoc|Any CPU.Deploy.0 = Release|x86
		{3F6E8F1D-9F19-4818-B290-878F2CBB17D2}.Ad-Hoc|ARM.ActiveCfg = Release|ARM
		{3F6E8F1D-9F19-4818-B290-878F2CBB17D2}.Ad-Hoc|ARM.Build.0 = Release|ARM
		{3F6E8F1D-9F19-4818-B290-878F2CBB17D2}.Ad-Hoc|ARM.Deploy.0 = Release|ARM
		{3F6E8F1D-9F19-4818-B290-878F2CBB17D2}.Ad-Hoc|iPhone.ActiveCfg = Release|x86
		{3F6E8F1D-9F19-4818-B290-878F2CBB17D2}.Ad-Hoc|iPhone.Build.0 = Release|x86
		{3F6E8F1D-9F19-4818-B290-878F2CBB17D2}.Ad-Hoc|iPhone.Deploy.0 = Release|x86
		{3F6E8F1D-9F19-4818-B290-878F2CBB17D2}.Ad-Hoc|iPhoneSimulator.ActiveCfg = Release|x86
		{3F6E8F1D-9F19-4818-B290-878F2CBB17D2}.Ad-Hoc|iPhoneSimulator.Build.0 = Release|x86
		{3F6E8F1D-9F19-4818-B290-878F2CBB17D2}.Ad-Hoc|iPhoneSimulator.Deploy.0 = Release|x86
		{3F6E8F1D-9F19-4818-B290-878F2CBB17D2}.Ad-Hoc|x64.ActiveCfg = Release|x64
		{3F6E8F1D-9F19-4818-B290-878F2CBB17D2}.Ad-Hoc|x64.Build.0 = Release|x64
		{3F6E8F1D-9F19-4818-B290-878F2CBB17D2}.Ad-Hoc|x64.Deploy.0 = Release|x64
		{3F6E8F1D-9F19-4818-B290-878F2CBB17D2}.Ad-Hoc|x86.ActiveCfg = Release|x86
		{3F6E8F1D-9F19-4818-B290-878F2CBB17D2}.Ad-Hoc|x86.Build.0 = Release|x86
		{3F6E8F1D-9F19-4818-B290-878F2CBB17D2}.Ad-Hoc|x86.Deploy.0 = Release|x86
		{3F6E8F1D-9F19-4818-B290-878F2CBB17D2}.AppStore|Any CPU.ActiveCfg = Release|x86
		{3F6E8F1D-9F19-4818-B290-878F2CBB17D2}.AppStore|Any CPU.Build.0 = Release|x86
		{3F6E8F1D-9F19-4818-B290-878F2CBB17D2}.AppStore|Any CPU.Deploy.0 = Release|x86
		{3F6E8F1D-9F19-4818-B290-878F2CBB17D2}.AppStore|ARM.ActiveCfg = Release|ARM
		{3F6E8F1D-9F19-4818-B290-878F2CBB17D2}.AppStore|ARM.Build.0 = Release|ARM
		{3F6E8F1D-9F19-4818-B290-878F2CBB17D2}.AppStore|ARM.Deploy.0 = Release|ARM
		{3F6E8F1D-9F19-4818-B290-878F2CBB17D2}.AppStore|iPhone.ActiveCfg = Release|x86
		{3F6E8F1D-9F19-4818-B290-878F2CBB17D2}.AppStore|iPhone.Build.0 = Release|x86
		{3F6E8F1D-9F19-4818-B290-878F2CBB17D2}.AppStore|iPhone.Deploy.0 = Release|x86
		{3F6E8F1D-9F19-4818-B290-878F2CBB17D2}.AppStore|iPhoneSimulator.ActiveCfg = Release|x86
		{3F6E8F1D-9F19-4818-B290-878F2CBB17D2}.AppStore|iPhoneSimulator.Build.0 = Release|x86
		{3F6E8F1D-9F19-4818-B290-878F2CBB17D2}.AppStore|iPhoneSimulator.Deploy.0 = Release|x86
		{3F6E8F1D-9F19-4818-B290-878F2CBB17D2}.AppStore|x64.ActiveCfg = Release|x64
		{3F6E8F1D-9F19-4818-B290-878F2CBB17D2}.AppStore|x64.Build.0 = Release|x64
		{3F6E8F1D-9F19-4818-B290-878F2CBB17D2}.AppStore|x64.Deploy.0 = Release|x64
		{3F6E8F1D-9F19-4818-B290-878F2CBB17D2}.AppStore|x86.ActiveCfg = Release|x86
		{3F6E8F1D-9F19-4818-B290-878F2CBB17D2}.AppStore|x86.Build.0 = Release|x86
		{3F6E8F1D-9F19-4818-B290-878F2CBB17D2}.AppStore|x86.Deploy.0 = Release|x86
		{3F6E8F1D-9F19-4818-B290-878F2CBB17D2}.Debug|Any CPU.ActiveCfg = Debug|x86
		{3F6E8F1D-9F19-4818-B290-878F2CBB17D2}.Debug|ARM.ActiveCfg = Debug|ARM
		{3F6E8F1D-9F19-4818-B290-878F2CBB17D2}.Debug|ARM.Build.0 = Debug|ARM
		{3F6E8F1D-9F19-4818-B290-878F2CBB17D2}.Debug|ARM.Deploy.0 = Debug|ARM
		{3F6E8F1D-9F19-4818-B290-878F2CBB17D2}.Debug|iPhone.ActiveCfg = Debug|x86
		{3F6E8F1D-9F19-4818-B290-878F2CBB17D2}.Debug|iPhoneSimulator.ActiveCfg = Debug|x86
		{3F6E8F1D-9F19-4818-B290-878F2CBB17D2}.Debug|x64.ActiveCfg = Debug|x64
		{3F6E8F1D-9F19-4818-B290-878F2CBB17D2}.Debug|x64.Build.0 = Debug|x64
		{3F6E8F1D-9F19-4818-B290-878F2CBB17D2}.Debug|x64.Deploy.0 = Debug|x64
		{3F6E8F1D-9F19-4818-B290-878F2CBB17D2}.Debug|x86.ActiveCfg = Debug|x86
		{3F6E8F1D-9F19-4818-B290-878F2CBB17D2}.Debug|x86.Build.0 = Debug|x86
		{3F6E8F1D-9F19-4818-B290-878F2CBB17D2}.Debug|x86.Deploy.0 = Debug|x86
		{3F6E8F1D-9F19-4818-B290-878F2CBB17D2}.Release|Any CPU.ActiveCfg = Release|x86
		{3F6E8F1D-9F19-4818-B290-878F2CBB17D2}.Release|ARM.ActiveCfg = Release|ARM
		{3F6E8F1D-9F19-4818-B290-878F2CBB17D2}.Release|ARM.Build.0 = Release|ARM
		{3F6E8F1D-9F19-4818-B290-878F2CBB17D2}.Release|ARM.Deploy.0 = Release|ARM
		{3F6E8F1D-9F19-4818-B290-878F2CBB17D2}.Release|iPhone.ActiveCfg = Release|x86
		{3F6E8F1D-9F19-4818-B290-878F2CBB17D2}.Release|iPhoneSimulator.ActiveCfg = Release|x86
		{3F6E8F1D-9F19-4818-B290-878F2CBB17D2}.Release|x64.ActiveCfg = Release|x64
		{3F6E8F1D-9F19-4818-B290-878F2CBB17D2}.Release|x64.Build.0 = Release|x64
		{3F6E8F1D-9F19-4818-B290-878F2CBB17D2}.Release|x64.Deploy.0 = Release|x64
		{3F6E8F1D-9F19-4818-B290-878F2CBB17D2}.Release|x86.ActiveCfg = Release|x86
		{3F6E8F1D-9F19-4818-B290-878F2CBB17D2}.Release|x86.Build.0 = Release|x86
		{3F6E8F1D-9F19-4818-B290-878F2CBB17D2}.Release|x86.Deploy.0 = Release|x86
		{EC85C186-4817-4AA4-9654-B524F6D24679}.Ad-Hoc|Any CPU.ActiveCfg = Ad-Hoc|iPhoneSimulator
		{EC85C186-4817-4AA4-9654-B524F6D24679}.Ad-Hoc|ARM.ActiveCfg = Ad-Hoc|iPhone
		{EC85C186-4817-4AA4-9654-B524F6D24679}.Ad-Hoc|iPhone.ActiveCfg = Ad-Hoc|iPhone
		{EC85C186-4817-4AA4-9654-B524F6D24679}.Ad-Hoc|iPhone.Build.0 = Ad-Hoc|iPhone
		{EC85C186-4817-4AA4-9654-B524F6D24679}.Ad-Hoc|iPhoneSimulator.ActiveCfg = Ad-Hoc|iPhoneSimulator
		{EC85C186-4817-4AA4-9654-B524F6D24679}.Ad-Hoc|iPhoneSimulator.Build.0 = Ad-Hoc|iPhoneSimulator
		{EC85C186-4817-4AA4-9654-B524F6D24679}.Ad-Hoc|x64.ActiveCfg = Ad-Hoc|iPhone
		{EC85C186-4817-4AA4-9654-B524F6D24679}.Ad-Hoc|x86.ActiveCfg = Ad-Hoc|iPhone
		{EC85C186-4817-4AA4-9654-B524F6D24679}.AppStore|Any CPU.ActiveCfg = AppStore|iPhoneSimulator
		{EC85C186-4817-4AA4-9654-B524F6D24679}.AppStore|ARM.ActiveCfg = AppStore|iPhone
		{EC85C186-4817-4AA4-9654-B524F6D24679}.AppStore|iPhone.ActiveCfg = AppStore|iPhone
		{EC85C186-4817-4AA4-9654-B524F6D24679}.AppStore|iPhone.Build.0 = AppStore|iPhone
		{EC85C186-4817-4AA4-9654-B524F6D24679}.AppStore|iPhoneSimulator.ActiveCfg = AppStore|iPhoneSimulator
		{EC85C186-4817-4AA4-9654-B524F6D24679}.AppStore|iPhoneSimulator.Build.0 = AppStore|iPhoneSimulator
		{EC85C186-4817-4AA4-9654-B524F6D24679}.AppStore|x64.ActiveCfg = AppStore|iPhone
		{EC85C186-4817-4AA4-9654-B524F6D24679}.AppStore|x86.ActiveCfg = AppStore|iPhone
		{EC85C186-4817-4AA4-9654-B524F6D24679}.Debug|Any CPU.ActiveCfg = Debug|iPhoneSimulator
		{EC85C186-4817-4AA4-9654-B524F6D24679}.Debug|ARM.ActiveCfg = Debug|iPhone
		{EC85C186-4817-4AA4-9654-B524F6D24679}.Debug|iPhone.ActiveCfg = Debug|iPhone
		{EC85C186-4817-4AA4-9654-B524F6D24679}.Debug|iPhone.Build.0 = Debug|iPhone
		{EC85C186-4817-4AA4-9654-B524F6D24679}.Debug|iPhoneSimulator.ActiveCfg = Debug|iPhoneSimulator
		{EC85C186-4817-4AA4-9654-B524F6D24679}.Debug|iPhoneSimulator.Build.0 = Debug|iPhoneSimulator
		{EC85C186-4817-4AA4-9654-B524F6D24679}.Debug|x64.ActiveCfg = Debug|iPhone
		{EC85C186-4817-4AA4-9654-B524F6D24679}.Debug|x86.ActiveCfg = Debug|iPhone
		{EC85C186-4817-4AA4-9654-B524F6D24679}.Release|Any CPU.ActiveCfg = Release|iPhoneSimulator
		{EC85C186-4817-4AA4-9654-B524F6D24679}.Release|ARM.ActiveCfg = Release|iPhone
		{EC85C186-4817-4AA4-9654-B524F6D24679}.Release|iPhone.ActiveCfg = Release|iPhone
		{EC85C186-4817-4AA4-9654-B524F6D24679}.Release|iPhone.Build.0 = Release|iPhone
		{EC85C186-4817-4AA4-9654-B524F6D24679}.Release|iPhoneSimulator.ActiveCfg = Release|iPhoneSimulator
		{EC85C186-4817-4AA4-9654-B524F6D24679}.Release|iPhoneSimulator.Build.0 = Release|iPhoneSimulator
		{EC85C186-4817-4AA4-9654-B524F6D24679}.Release|x64.ActiveCfg = Release|iPhone
		{EC85C186-4817-4AA4-9654-B524F6D24679}.Release|x86.ActiveCfg = Release|iPhone
		{A7301762-0648-4BD1-894A-DEF0C4E99A25}.Ad-Hoc|Any CPU.ActiveCfg = Debug|Any CPU
		{A7301762-0648-4BD1-894A-DEF0C4E99A25}.Ad-Hoc|Any CPU.Build.0 = Debug|Any CPU
		{A7301762-0648-4BD1-894A-DEF0C4E99A25}.Ad-Hoc|ARM.ActiveCfg = Debug|Any CPU
		{A7301762-0648-4BD1-894A-DEF0C4E99A25}.Ad-Hoc|ARM.Build.0 = Debug|Any CPU
		{A7301762-0648-4BD1-894A-DEF0C4E99A25}.Ad-Hoc|iPhone.ActiveCfg = Debug|Any CPU
		{A7301762-0648-4BD1-894A-DEF0C4E99A25}.Ad-Hoc|iPhone.Build.0 = Debug|Any CPU
		{A7301762-0648-4BD1-894A-DEF0C4E99A25}.Ad-Hoc|iPhoneSimulator.ActiveCfg = Debug|Any CPU
		{A7301762-0648-4BD1-894A-DEF0C4E99A25}.Ad-Hoc|iPhoneSimulator.Build.0 = Debug|Any CPU
		{A7301762-0648-4BD1-894A-DEF0C4E99A25}.Ad-Hoc|x64.ActiveCfg = Debug|Any CPU
		{A7301762-0648-4BD1-894A-DEF0C4E99A25}.Ad-Hoc|x64.Build.0 = Debug|Any CPU
		{A7301762-0648-4BD1-894A-DEF0C4E99A25}.Ad-Hoc|x86.ActiveCfg = Debug|Any CPU
		{A7301762-0648-4BD1-894A-DEF0C4E99A25}.Ad-Hoc|x86.Build.0 = Debug|Any CPU
		{A7301762-0648-4BD1-894A-DEF0C4E99A25}.AppStore|Any CPU.ActiveCfg = Debug|Any CPU
		{A7301762-0648-4BD1-894A-DEF0C4E99A25}.AppStore|Any CPU.Build.0 = Debug|Any CPU
		{A7301762-0648-4BD1-894A-DEF0C4E99A25}.AppStore|ARM.ActiveCfg = Debug|Any CPU
		{A7301762-0648-4BD1-894A-DEF0C4E99A25}.AppStore|ARM.Build.0 = Debug|Any CPU
		{A7301762-0648-4BD1-894A-DEF0C4E99A25}.AppStore|iPhone.ActiveCfg = Debug|Any CPU
		{A7301762-0648-4BD1-894A-DEF0C4E99A25}.AppStore|iPhone.Build.0 = Debug|Any CPU
		{A7301762-0648-4BD1-894A-DEF0C4E99A25}.AppStore|iPhoneSimulator.ActiveCfg = Debug|Any CPU
		{A7301762-0648-4BD1-894A-DEF0C4E99A25}.AppStore|iPhoneSimulator.Build.0 = Debug|Any CPU
		{A7301762-0648-4BD1-894A-DEF0C4E99A25}.AppStore|x64.ActiveCfg = Debug|Any CPU
		{A7301762-0648-4BD1-894A-DEF0C4E99A25}.AppStore|x64.Build.0 = Debug|Any CPU
		{A7301762-0648-4BD1-894A-DEF0C4E99A25}.AppStore|x86.ActiveCfg = Debug|Any CPU
		{A7301762-0648-4BD1-894A-DEF0C4E99A25}.AppStore|x86.Build.0 = Debug|Any CPU
		{A7301762-0648-4BD1-894A-DEF0C4E99A25}.Debug|Any CPU.ActiveCfg = Debug|Any CPU
		{A7301762-0648-4BD1-894A-DEF0C4E99A25}.Debug|Any CPU.Build.0 = Debug|Any CPU
		{A7301762-0648-4BD1-894A-DEF0C4E99A25}.Debug|ARM.ActiveCfg = Debug|Any CPU
		{A7301762-0648-4BD1-894A-DEF0C4E99A25}.Debug|ARM.Build.0 = Debug|Any CPU
		{A7301762-0648-4BD1-894A-DEF0C4E99A25}.Debug|iPhone.ActiveCfg = Debug|Any CPU
		{A7301762-0648-4BD1-894A-DEF0C4E99A25}.Debug|iPhone.Build.0 = Debug|Any CPU
		{A7301762-0648-4BD1-894A-DEF0C4E99A25}.Debug|iPhoneSimulator.ActiveCfg = Debug|Any CPU
		{A7301762-0648-4BD1-894A-DEF0C4E99A25}.Debug|iPhoneSimulator.Build.0 = Debug|Any CPU
		{A7301762-0648-4BD1-894A-DEF0C4E99A25}.Debug|x64.ActiveCfg = Debug|Any CPU
		{A7301762-0648-4BD1-894A-DEF0C4E99A25}.Debug|x64.Build.0 = Debug|Any CPU
		{A7301762-0648-4BD1-894A-DEF0C4E99A25}.Debug|x86.ActiveCfg = Debug|Any CPU
		{A7301762-0648-4BD1-894A-DEF0C4E99A25}.Debug|x86.Build.0 = Debug|Any CPU
		{A7301762-0648-4BD1-894A-DEF0C4E99A25}.Release|Any CPU.ActiveCfg = Release|Any CPU
		{A7301762-0648-4BD1-894A-DEF0C4E99A25}.Release|Any CPU.Build.0 = Release|Any CPU
		{A7301762-0648-4BD1-894A-DEF0C4E99A25}.Release|ARM.ActiveCfg = Release|Any CPU
		{A7301762-0648-4BD1-894A-DEF0C4E99A25}.Release|ARM.Build.0 = Release|Any CPU
		{A7301762-0648-4BD1-894A-DEF0C4E99A25}.Release|iPhone.ActiveCfg = Release|Any CPU
		{A7301762-0648-4BD1-894A-DEF0C4E99A25}.Release|iPhone.Build.0 = Release|Any CPU
		{A7301762-0648-4BD1-894A-DEF0C4E99A25}.Release|iPhoneSimulator.ActiveCfg = Release|Any CPU
		{A7301762-0648-4BD1-894A-DEF0C4E99A25}.Release|iPhoneSimulator.Build.0 = Release|Any CPU
		{A7301762-0648-4BD1-894A-DEF0C4E99A25}.Release|x64.ActiveCfg = Release|Any CPU
		{A7301762-0648-4BD1-894A-DEF0C4E99A25}.Release|x64.Build.0 = Release|Any CPU
		{A7301762-0648-4BD1-894A-DEF0C4E99A25}.Release|x86.ActiveCfg = Release|Any CPU
		{A7301762-0648-4BD1-894A-DEF0C4E99A25}.Release|x86.Build.0 = Release|Any CPU
	EndGlobalSection
	GlobalSection(SolutionProperties) = preSolution
		HideSolutionNode = FALSE
	EndGlobalSection
	GlobalSection(NestedProjects) = preSolution
		{066C7CAB-9EA9-4990-BABD-E8C05CB6B180} = {065A83DD-BB01-4620-8F62-916218DE14EF}
		{8BB32801-8DD4-436E-8FFB-F0C76FC89A9E} = {065A83DD-BB01-4620-8F62-916218DE14EF}
		{3F6E8F1D-9F19-4818-B290-878F2CBB17D2} = {065A83DD-BB01-4620-8F62-916218DE14EF}
		{EC85C186-4817-4AA4-9654-B524F6D24679} = {065A83DD-BB01-4620-8F62-916218DE14EF}
	EndGlobalSection
	GlobalSection(ExtensibilityGlobals) = postSolution
		SolutionGuid = {7A824682-AE53-48FB-8408-1E43ED2FE244}
	EndGlobalSection
EndGlobal
